<?xml version="1.0" encoding="utf-8"?>
<Project ToolsVersion="4.0" xmlns="http://schemas.microsoft.com/developer/msbuild/2003">
  <ItemGroup>
    <Filter Include="Source Files">
      <UniqueIdentifier>{4FC737F1-C7A5-4376-A066-2A32D752A2FF}</UniqueIdentifier>
      <Extensions>cpp;c;cc;cxx;c++;cppm;ixx;def;odl;idl;hpj;bat;asm;asmx</Extensions>
    </Filter>
    <Filter Include="Header Files">
      <UniqueIdentifier>{93995380-89BD-4b04-88EB-625FBE52EBFB}</UniqueIdentifier>
      <Extensions>h;hh;hpp;hxx;h++;hm;inl;inc;ipp;xsd</Extensions>
    </Filter>
    <Filter Include="Resource Files">
      <UniqueIdentifier>{67DA6AB6-F800-4c08-8B7A-83BB121AAD01}</UniqueIdentifier>
      <Extensions>rc;ico;cur;bmp;dlg;rc2;rct;bin;rgs;gif;jpg;jpeg;jpe;resx;tiff;tif;png;wav;mfcribbon-ms</Extensions>
    </Filter>
    <Filter Include="Source Files\Testing">
      <UniqueIdentifier>{e1992098-9c65-42af-8d41-f846392320a5}</UniqueIdentifier>
    </Filter>
    <Filter Include="Source Files\Realisation">
      <UniqueIdentifier>{c85e9ed6-2b32-4c32-947e-311ce557c111}</UniqueIdentifier>
    </Filter>
    <Filter Include="Header Files\Task9-10">
      <UniqueIdentifier>{3dc798df-35eb-4545-8580-e73b6aa0853e}</UniqueIdentifier>
    </Filter>
    <Filter Include="Source Files\Realisation\Task9-10">
      <UniqueIdentifier>{2967eba3-c740-469e-8198-3102728c4d9e}</UniqueIdentifier>
    </Filter>
  </ItemGroup>
  <ItemGroup>
    <ClInclude Include="Date.h">
      <Filter>Header Files</Filter>
    </ClInclude>
    <ClInclude Include="Time.h">
      <Filter>Header Files</Filter>
    </ClInclude>
    <ClInclude Include="Event.h">
      <Filter>Header Files</Filter>
    </ClInclude>
    <ClInclude Include="Calendar.h">
      <Filter>Header Files</Filter>
    </ClInclude>
    <ClInclude Include="Screen.h">
      <Filter>Header Files</Filter>
    </ClInclude>
    <ClInclude Include="Dictionary.h">
      <Filter>Header Files</Filter>
    </ClInclude>
    <ClInclude Include="ArrayDeque.h">
      <Filter>Header Files\Task9-10</Filter>
    </ClInclude>
    <ClInclude Include="Deque.h">
      <Filter>Header Files\Task9-10</Filter>
    </ClInclude>
    <ClInclude Include="ListDeque.h">
      <Filter>Header Files\Task9-10</Filter>
    </ClInclude>
    <ClInclude Include="DequeInherit.h">
      <Filter>Header Files\Task9-10</Filter>
    </ClInclude>
    <ClInclude Include="DequeCompose.h">
      <Filter>Header Files\Task9-10</Filter>
    </ClInclude>
  </ItemGroup>
  <ItemGroup>
    <ClCompile Include="Event.cpp">
      <Filter>Source Files\Realisation</Filter>
    </ClCompile>
    <ClCompile Include="Date.cpp">
      <Filter>Source Files\Realisation</Filter>
    </ClCompile>
    <ClCompile Include="Time.cpp">
      <Filter>Source Files\Realisation</Filter>
    </ClCompile>
    <ClCompile Include="Calendar.cpp">
      <Filter>Source Files\Realisation</Filter>
    </ClCompile>
    <ClCompile Include="Screen.cpp">
      <Filter>Source Files\Realisation</Filter>
    </ClCompile>
    <ClCompile Include="Dictionary.cpp">
      <Filter>Source Files\Realisation</Filter>
    </ClCompile>
    <ClCompile Include="test1.cpp">
      <Filter>Source Files\Testing</Filter>
    </ClCompile>
    <ClCompile Include="test2.cpp">
      <Filter>Source Files\Testing</Filter>
    </ClCompile>
    <ClCompile Include="test3.cpp">
      <Filter>Source Files\Testing</Filter>
    </ClCompile>
    <ClCompile Include="test4.cpp">
      <Filter>Source Files\Testing</Filter>
    </ClCompile>
    <ClCompile Include="test5.cpp">
      <Filter>Source Files\Testing</Filter>
    </ClCompile>
    <ClCompile Include="test6.cpp">
      <Filter>Source Files\Testing</Filter>
    </ClCompile>
    <ClCompile Include="test7.cpp">
      <Filter>Source Files\Testing</Filter>
    </ClCompile>
    <ClCompile Include="test8.cpp">
      <Filter>Source Files\Testing</Filter>
    </ClCompile>
    <ClCompile Include="test9.cpp">
      <Filter>Source Files\Testing</Filter>
    </ClCompile>
    <ClCompile Include="main.cpp">
      <Filter>Source Files</Filter>
    </ClCompile>
    <ClCompile Include="test10.cpp">
      <Filter>Source Files\Testing</Filter>
    </ClCompile>
    <ClCompile Include="ArrayDeque.cpp">
      <Filter>Source Files\Realisation\Task9-10</Filter>
    </ClCompile>
    <ClCompile Include="ListDeque.cpp">
      <Filter>Source Files\Realisation\Task9-10</Filter>
    </ClCompile>
  </ItemGroup>
</Project>